
Microsoft Visual Studio Solution File, Format Version 12.00
Project("{FAE04EC0-301F-11D3-BF4B-00C04F79EFBC}") = "MGFramework", "MGFramework\MGFramework.csproj", "{586E18E3-7676-4B64-B6AA-F3ED5CA63C19}"
EndProject
Project("{FAE04EC0-301F-11D3-BF4B-00C04F79EFBC}") = "DemoSandbox", "DemoSandbox\DemoSandbox.csproj", "{EDD1888C-E36A-4CA9-AC14-E40B50271A20}"
EndProject
Project("{FAE04EC0-301F-11D3-BF4B-00C04F79EFBC}") = "MGFrameworkTests", "MGFrameworkTests\MGFrameworkTests.csproj", "{23BF2597-0794-40D2-9F25-22B70BBE5778}"
EndProject
Global
	GlobalSection(SolutionConfigurationPlatforms) = preSolution
		Debug|Any CPU = Debug|Any CPU
		Release|Any CPU = Release|Any CPU
	EndGlobalSection
	GlobalSection(ProjectConfigurationPlatforms) = postSolution
		{586E18E3-7676-4B64-B6AA-F3ED5CA63C19}.Debug|Any CPU.ActiveCfg = Debug|Any CPU
		{586E18E3-7676-4B64-B6AA-F3ED5CA63C19}.Debug|Any CPU.Build.0 = Debug|Any CPU
		{586E18E3-7676-4B64-B6AA-F3ED5CA63C19}.Release|Any CPU.ActiveCfg = Release|Any CPU
		{586E18E3-7676-4B64-B6AA-F3ED5CA63C19}.Release|Any CPU.Build.0 = Release|Any CPU
		{EDD1888C-E36A-4CA9-AC14-E40B50271A20}.Debug|Any CPU.ActiveCfg = Debug|Any CPU
		{EDD1888C-E36A-4CA9-AC14-E40B50271A20}.Debug|Any CPU.Build.0 = Debug|Any CPU
		{EDD1888C-E36A-4CA9-AC14-E40B50271A20}.Release|Any CPU.ActiveCfg = Release|Any CPU
		{EDD1888C-E36A-4CA9-AC14-E40B50271A20}.Release|Any CPU.Build.0 = Release|Any CPU
		{23BF2597-0794-40D2-9F25-22B70BBE5778}.Debug|Any CPU.ActiveCfg = Debug|Any CPU
		{23BF2597-0794-40D2-9F25-22B70BBE5778}.Debug|Any CPU.Build.0 = Debug|Any CPU
		{23BF2597-0794-40D2-9F25-22B70BBE5778}.Release|Any CPU.ActiveCfg = Release|Any CPU
		{23BF2597-0794-40D2-9F25-22B70BBE5778}.Release|Any CPU.Build.0 = Release|Any CPU
	EndGlobalSection
EndGlobal
